// !$*UTF8*$!
{
	archiveVersion = 1;
	classes = {
	};
	objectVersion = 46;
	objects = {

/* Begin PBXBuildFile section */
		E6753C6D1B6F9FB50018A3D6 /* AppDelegate.swift in Sources */ = {isa = PBXBuildFile; fileRef = E6753C6C1B6F9FB50018A3D6 /* AppDelegate.swift */; };
		E6753C6F1B6F9FB50018A3D6 /* ViewController.swift in Sources */ = {isa = PBXBuildFile; fileRef = E6753C6E1B6F9FB50018A3D6 /* ViewController.swift */; };
		E6753C721B6F9FB50018A3D6 /* Main.storyboard in Resources */ = {isa = PBXBuildFile; fileRef = E6753C701B6F9FB50018A3D6 /* Main.storyboard */; };
		E6753C741B6F9FB50018A3D6 /* Assets.xcassets in Resources */ = {isa = PBXBuildFile; fileRef = E6753C731B6F9FB50018A3D6 /* Assets.xcassets */; };
		E6753C771B6F9FB50018A3D6 /* LaunchScreen.storyboard in Resources */ = {isa = PBXBuildFile; fileRef = E6753C751B6F9FB50018A3D6 /* LaunchScreen.storyboard */; };
		E6753C851B6FA0550018A3D6 /* ActionViewController.swift in Sources */ = {isa = PBXBuildFile; fileRef = E6753C841B6FA0550018A3D6 /* ActionViewController.swift */; };
		E6753C881B6FA0550018A3D6 /* MainInterface.storyboard in Resources */ = {isa = PBXBuildFile; fileRef = E6753C861B6FA0550018A3D6 /* MainInterface.storyboard */; };
		E6753C8C1B6FA0550018A3D6 /* Extension.appex in Embed App Extensions */ = {isa = PBXBuildFile; fileRef = E6753C821B6FA0550018A3D6 /* Extension.appex */; settings = {ATTRIBUTES = (RemoveHeadersOnCopy, ); }; };
		E6EB2E8B1B6FBCB600762692 /* JavaScript Injection.app in Resources */ = {isa = PBXBuildFile; fileRef = E6753C691B6F9FB50018A3D6 /* JavaScript Injection.app */; };
		E6EB2E8C1B6FBD6000762692 /* Action.js in Resources */ = {isa = PBXBuildFile; fileRef = E6753C911B6FA3800018A3D6 /* Action.js */; };
		E6EB2E8D1B6FBD7A00762692 /* Action.js in Resources */ = {isa = PBXBuildFile; fileRef = E6753C911B6FA3800018A3D6 /* Action.js */; };
/* End PBXBuildFile section */

/* Begin PBXContainerItemProxy section */
		E6753C8A1B6FA0550018A3D6 /* PBXContainerItemProxy */ = {
			isa = PBXContainerItemProxy;
			containerPortal = E6753C611B6F9FB50018A3D6 /* Project object */;
			proxyType = 1;
			remoteGlobalIDString = E6753C811B6FA0550018A3D6;
			remoteInfo = Extension;
		};
/* End PBXContainerItemProxy section */

/* Begin PBXCopyFilesBuildPhase section */
		E6753C901B6FA0550018A3D6 /* Embed App Extensions */ = {
			isa = PBXCopyFilesBuildPhase;
			buildActionMask = 2147483647;
			dstPath = "";
			dstSubfolderSpec = 13;
			files = (
				E6753C8C1B6FA0550018A3D6 /* Extension.appex in Embed App Extensions */,
			);
			name = "Embed App Extensions";
			runOnlyForDeploymentPostprocessing = 0;
		};
/* End PBXCopyFilesBuildPhase section */

/* Begin PBXFileReference section */
		E6753C691B6F9FB50018A3D6 /* JavaScript Injection.app */ = {isa = PBXFileReference; explicitFileType = wrapper.application; includeInIndex = 0; path = "JavaScript Injection.app"; sourceTree = BUILT_PRODUCTS_DIR; };
		E6753C6C1B6F9FB50018A3D6 /* AppDelegate.swift */ = {isa = PBXFileReference; lastKnownFileType = sourcecode.swift; path = AppDelegate.swift; sourceTree = "<group>"; };
		E6753C6E1B6F9FB50018A3D6 /* ViewController.swift */ = {isa = PBXFileReference; lastKnownFileType = sourcecode.swift; path = ViewController.swift; sourceTree = "<group>"; };
		E6753C711B6F9FB50018A3D6 /* Base */ = {isa = PBXFileReference; lastKnownFileType = file.storyboard; name = Base; path = Base.lproj/Main.storyboard; sourceTree = "<group>"; };
		E6753C731B6F9FB50018A3D6 /* Assets.xcassets */ = {isa = PBXFileReference; lastKnownFileType = folder.assetcatalog; path = Assets.xcassets; sourceTree = "<group>"; };
		E6753C761B6F9FB50018A3D6 /* Base */ = {isa = PBXFileReference; lastKnownFileType = file.storyboard; name = Base; path = Base.lproj/LaunchScreen.storyboard; sourceTree = "<group>"; };
		E6753C781B6F9FB50018A3D6 /* Info.plist */ = {isa = PBXFileReference; lastKnownFileType = text.plist.xml; path = Info.plist; sourceTree = "<group>"; };
		E6753C821B6FA0550018A3D6 /* Extension.appex */ = {isa = PBXFileReference; explicitFileType = "wrapper.app-extension"; includeInIndex = 0; path = Extension.appex; sourceTree = BUILT_PRODUCTS_DIR; };
		E6753C841B6FA0550018A3D6 /* ActionViewController.swift */ = {isa = PBXFileReference; lastKnownFileType = sourcecode.swift; path = ActionViewController.swift; sourceTree = "<group>"; };
		E6753C871B6FA0550018A3D6 /* Base */ = {isa = PBXFileReference; lastKnownFileType = file.storyboard; name = Base; path = Base.lproj/MainInterface.storyboard; sourceTree = "<group>"; };
		E6753C891B6FA0550018A3D6 /* Info.plist */ = {isa = PBXFileReference; lastKnownFileType = text.plist.xml; path = Info.plist; sourceTree = "<group>"; };
		E6753C911B6FA3800018A3D6 /* Action.js */ = {isa = PBXFileReference; fileEncoding = 4; lastKnownFileType = sourcecode.javascript; path = Action.js; sourceTree = "<group>"; };
		E6EB2E921B6FC1BB00762692 /* ExtensionTwo.appex */ = {isa = PBXFileReference; explicitFileType = "wrapper.app-extension"; includeInIndex = 0; path = ExtensionTwo.appex; sourceTree = BUILT_PRODUCTS_DIR; };
/* End PBXFileReference section */

/* Begin PBXFrameworksBuildPhase section */
		E6753C661B6F9FB50018A3D6 /* Frameworks */ = {
			isa = PBXFrameworksBuildPhase;
			buildActionMask = 2147483647;
			files = (
			);
			runOnlyForDeploymentPostprocessing = 0;
		};
		E6753C7F1B6FA0550018A3D6 /* Frameworks */ = {
			isa = PBXFrameworksBuildPhase;
			buildActionMask = 2147483647;
			files = (
			);
			runOnlyForDeploymentPostprocessing = 0;
		};
		E6EB2E8F1B6FC1BB00762692 /* Frameworks */ = {
			isa = PBXFrameworksBuildPhase;
			buildActionMask = 2147483647;
			files = (
			);
			runOnlyForDeploymentPostprocessing = 0;
		};
/* End PBXFrameworksBuildPhase section */

/* Begin PBXGroup section */
		E6753C601B6F9FB50018A3D6 = {
			isa = PBXGroup;
			children = (
				E6753C6B1B6F9FB50018A3D6 /* JavaScript Injection */,
				E6753C831B6FA0550018A3D6 /* Extension */,
				E6753C6A1B6F9FB50018A3D6 /* Products */,
			);
			sourceTree = "<group>";
		};
		E6753C6A1B6F9FB50018A3D6 /* Products */ = {
			isa = PBXGroup;
			children = (
				E6753C691B6F9FB50018A3D6 /* JavaScript Injection.app */,
				E6753C821B6FA0550018A3D6 /* Extension.appex */,
				E6EB2E921B6FC1BB00762692 /* ExtensionTwo.appex */,
			);
			name = Products;
			sourceTree = "<group>";
		};
		E6753C6B1B6F9FB50018A3D6 /* JavaScript Injection */ = {
			isa = PBXGroup;
			children = (
				E6753C6C1B6F9FB50018A3D6 /* AppDelegate.swift */,
				E6753C6E1B6F9FB50018A3D6 /* ViewController.swift */,
				E6753C701B6F9FB50018A3D6 /* Main.storyboard */,
				E6753C731B6F9FB50018A3D6 /* Assets.xcassets */,
				E6753C751B6F9FB50018A3D6 /* LaunchScreen.storyboard */,
				E6753C781B6F9FB50018A3D6 /* Info.plist */,
			);
			path = "JavaScript Injection";
			sourceTree = "<group>";
		};
		E6753C831B6FA0550018A3D6 /* Extension */ = {
			isa = PBXGroup;
			children = (
				E6753C841B6FA0550018A3D6 /* ActionViewController.swift */,
				E6753C861B6FA0550018A3D6 /* MainInterface.storyboard */,
				E6753C891B6FA0550018A3D6 /* Info.plist */,
				E6753C911B6FA3800018A3D6 /* Action.js */,
			);
			path = Extension;
			sourceTree = "<group>";
		};
/* End PBXGroup section */

/* Begin PBXNativeTarget section */
		E6753C681B6F9FB50018A3D6 /* JavaScript Injection */ = {
			isa = PBXNativeTarget;
			buildConfigurationList = E6753C7B1B6F9FB50018A3D6 /* Build configuration list for PBXNativeTarget "JavaScript Injection" */;
			buildPhases = (
				E6753C651B6F9FB50018A3D6 /* Sources */,
				E6753C661B6F9FB50018A3D6 /* Frameworks */,
				E6753C671B6F9FB50018A3D6 /* Resources */,
				E6753C901B6FA0550018A3D6 /* Embed App Extensions */,
			);
			buildRules = (
			);
			dependencies = (
				E6753C8B1B6FA0550018A3D6 /* PBXTargetDependency */,
			);
			name = "JavaScript Injection";
			productName = "JavaScript Injection";
			productReference = E6753C691B6F9FB50018A3D6 /* JavaScript Injection.app */;
			productType = "com.apple.product-type.application";
		};
		E6753C811B6FA0550018A3D6 /* Extension */ = {
			isa = PBXNativeTarget;
			buildConfigurationList = E6753C8D1B6FA0550018A3D6 /* Build configuration list for PBXNativeTarget "Extension" */;
			buildPhases = (
				E6753C7E1B6FA0550018A3D6 /* Sources */,
				E6753C7F1B6FA0550018A3D6 /* Frameworks */,
				E6753C801B6FA0550018A3D6 /* Resources */,
			);
			buildRules = (
			);
			dependencies = (
			);
			name = Extension;
			productName = Extension;
			productReference = E6753C821B6FA0550018A3D6 /* Extension.appex */;
			productType = "com.apple.product-type.app-extension";
		};
		E6EB2E911B6FC1BB00762692 /* ExtensionTwo */ = {
			isa = PBXNativeTarget;
			buildConfigurationList = E6EB2E9D1B6FC1BB00762692 /* Build configuration list for PBXNativeTarget "ExtensionTwo" */;
			buildPhases = (
				E6EB2E8E1B6FC1BB00762692 /* Sources */,
				E6EB2E8F1B6FC1BB00762692 /* Frameworks */,
				E6EB2E901B6FC1BB00762692 /* Resources */,
			);
			buildRules = (
			);
			dependencies = (
			);
			name = ExtensionTwo;
			productName = ExtensionTwo;
			productReference = E6EB2E921B6FC1BB00762692 /* ExtensionTwo.appex */;
			productType = "com.apple.product-type.app-extension";
		};
/* End PBXNativeTarget section */

/* Begin PBXProject section */
		E6753C611B6F9FB50018A3D6 /* Project object */ = {
			isa = PBXProject;
			attributes = {
				LastUpgradeCheck = 0700;
				ORGANIZATIONNAME = "Mac Bellingrath";
				TargetAttributes = {
					E6753C681B6F9FB50018A3D6 = {
						CreatedOnToolsVersion = 7.0;
					};
					E6753C811B6FA0550018A3D6 = {
						CreatedOnToolsVersion = 7.0;
					};
					E6EB2E911B6FC1BB00762692 = {
						CreatedOnToolsVersion = 7.0;
					};
				};
			};
			buildConfigurationList = E6753C641B6F9FB50018A3D6 /* Build configuration list for PBXProject "JavaScript Injection" */;
			compatibilityVersion = "Xcode 3.2";
			developmentRegion = English;
			hasScannedForEncodings = 0;
			knownRegions = (
				en,
				Base,
			);
			mainGroup = E6753C601B6F9FB50018A3D6;
			productRefGroup = E6753C6A1B6F9FB50018A3D6 /* Products */;
			projectDirPath = "";
			projectRoot = "";
			targets = (
				E6753C681B6F9FB50018A3D6 /* JavaScript Injection */,
				E6753C811B6FA0550018A3D6 /* Extension */,
				E6EB2E911B6FC1BB00762692 /* ExtensionTwo */,
			);
		};
/* End PBXProject section */

/* Begin PBXResourcesBuildPhase section */
		E6753C671B6F9FB50018A3D6 /* Resources */ = {
			isa = PBXResourcesBuildPhase;
			buildActionMask = 2147483647;
			files = (
				E6EB2E8D1B6FBD7A00762692 /* Action.js in Resources */,
				E6753C771B6F9FB50018A3D6 /* LaunchScreen.storyboard in Resources */,
				E6753C741B6F9FB50018A3D6 /* Assets.xcassets in Resources */,
				E6753C721B6F9FB50018A3D6 /* Main.storyboard in Resources */,
			);
			runOnlyForDeploymentPostprocessing = 0;
		};
		E6753C801B6FA0550018A3D6 /* Resources */ = {
			isa = PBXResourcesBuildPhase;
			buildActionMask = 2147483647;
			files = (
				E6EB2E8C1B6FBD6000762692 /* Action.js in Resources */,
				E6EB2E8B1B6FBCB600762692 /* JavaScript Injection.app in Resources */,
				E6753C881B6FA0550018A3D6 /* MainInterface.storyboard in Resources */,
			);
			runOnlyForDeploymentPostprocessing = 0;
		};
		E6EB2E901B6FC1BB00762692 /* Resources */ = {
			isa = PBXResourcesBuildPhase;
			buildActionMask = 2147483647;
			files = (
			);
			runOnlyForDeploymentPostprocessing = 0;
		};
/* End PBXResourcesBuildPhase section */

/* Begin PBXSourcesBuildPhase section */
		E6753C651B6F9FB50018A3D6 /* Sources */ = {
			isa = PBXSourcesBuildPhase;
			buildActionMask = 2147483647;
			files = (
				E6753C6F1B6F9FB50018A3D6 /* ViewController.swift in Sources */,
				E6753C6D1B6F9FB50018A3D6 /* AppDelegate.swift in Sources */,
			);
			runOnlyForDeploymentPostprocessing = 0;
		};
		E6753C7E1B6FA0550018A3D6 /* Sources */ = {
			isa = PBXSourcesBuildPhase;
			buildActionMask = 2147483647;
			files = (
				E6753C851B6FA0550018A3D6 /* ActionViewController.swift in Sources */,
			);
			runOnlyForDeploymentPostprocessing = 0;
		};
		E6EB2E8E1B6FC1BB00762692 /* Sources */ = {
			isa = PBXSourcesBuildPhase;
			buildActionMask = 2147483647;
			files = (
			);
			runOnlyForDeploymentPostprocessing = 0;
		};
/* End PBXSourcesBuildPhase section */

/* Begin PBXTargetDependency section */
		E6753C8B1B6FA0550018A3D6 /* PBXTargetDependency */ = {
			isa = PBXTargetDependency;
			target = E6753C811B6FA0550018A3D6 /* Extension */;
			targetProxy = E6753C8A1B6FA0550018A3D6 /* PBXContainerItemProxy */;
		};
/* End PBXTargetDependency section */

/* Begin PBXVariantGroup section */
		E6753C701B6F9FB50018A3D6 /* Main.storyboard */ = {
			isa = PBXVariantGroup;
			children = (
				E6753C711B6F9FB50018A3D6 /* Base */,
			);
			name = Main.storyboard;
			sourceTree = "<group>";
		};
		E6753C751B6F9FB50018A3D6 /* LaunchScreen.storyboard */ = {
			isa = PBXVariantGroup;
			children = (
				E6753C761B6F9FB50018A3D6 /* Base */,
			);
			name = LaunchScreen.storyboard;
			sourceTree = "<group>";
		};
		E6753C861B6FA0550018A3D6 /* MainInterface.storyboard */ = {
			isa = PBXVariantGroup;
			children = (
				E6753C871B6FA0550018A3D6 /* Base */,
			);
			name = MainInterface.storyboard;
			sourceTree = "<group>";
		};
/* End PBXVariantGroup section */

/* Begin XCBuildConfiguration section */
		E6753C791B6F9FB50018A3D6 /* Debug */ = {
			isa = XCBuildConfiguration;
			buildSettings = {
				ALWAYS_SEARCH_USER_PATHS = NO;
				CLANG_CXX_LANGUAGE_STANDARD = "gnu++0x";
				CLANG_CXX_LIBRARY = "libc++";
				CLANG_ENABLE_MODULES = YES;
				CLANG_ENABLE_OBJC_ARC = YES;
				CLANG_WARN_BOOL_CONVERSION = YES;
				CLANG_WARN_CONSTANT_CONVERSION = YES;
				CLANG_WARN_DIRECT_OBJC_ISA_USAGE = YES_ERROR;
				CLANG_WARN_EMPTY_BODY = YES;
				CLANG_WARN_ENUM_CONVERSION = YES;
				CLANG_WARN_INT_CONVERSION = YES;
				CLANG_WARN_OBJC_ROOT_CLASS = YES_ERROR;
				CLANG_WARN_UNREACHABLE_CODE = YES;
				CLANG_WARN__DUPLICATE_METHOD_MATCH = YES;
				"CODE_SIGN_IDENTITY[sdk=iphoneos*]" = "iPhone Developer";
				COPY_PHASE_STRIP = NO;
				DEBUG_INFORMATION_FORMAT = dwarf;
				ENABLE_STRICT_OBJC_MSGSEND = YES;
				ENABLE_TESTABILITY = YES;
				GCC_C_LANGUAGE_STANDARD = gnu99;
				GCC_DYNAMIC_NO_PIC = NO;
				GCC_NO_COMMON_BLOCKS = YES;
				GCC_OPTIMIZATION_LEVEL = 0;
				GCC_PREPROCESSOR_DEFINITIONS = (
					"DEBUG=1",
					"$(inherited)",
				);
				GCC_WARN_64_TO_32_BIT_CONVERSION = YES;
				GCC_WARN_ABOUT_RETURN_TYPE = YES_ERROR;
				GCC_WARN_UNDECLARED_SELECTOR = YES;
				GCC_WARN_UNINITIALIZED_AUTOS = YES_AGGRESSIVE;
				GCC_WARN_UNUSED_FUNCTION = YES;
				GCC_WARN_UNUSED_VARIABLE = YES;
				IPHONEOS_DEPLOYMENT_TARGET = 9.0;
				MTL_ENABLE_DEBUG_INFO = YES;
				ONLY_ACTIVE_ARCH = YES;
				SDKROOT = iphoneos;
				SWIFT_OPTIMIZATION_LEVEL = "-Onone";
			};
			name = Debug;
		};
		E6753C7A1B6F9FB50018A3D6 /* Release */ = {
			isa = XCBuildConfiguration;
			buildSettings = {
				ALWAYS_SEARCH_USER_PATHS = NO;
				CLANG_CXX_LANGUAGE_STANDARD = "gnu++0x";
				CLANG_CXX_LIBRARY = "libc++";
				CLANG_ENABLE_MODULES = YES;
				CLANG_ENABLE_OBJC_ARC = YES;
				CLANG_WARN_BOOL_CONVERSION = YES;
				CLANG_WARN_CONSTANT_CONVERSION = YES;
				CLANG_WARN_DIRECT_OBJC_ISA_USAGE = YES_ERROR;
				CLANG_WARN_EMPTY_BODY = YES;
				CLANG_WARN_ENUM_CONVERSION = YES;
				CLANG_WARN_INT_CONVERSION = YES;
				CLANG_WARN_OBJC_ROOT_CLASS = YES_ERROR;
				CLANG_WARN_UNREACHABLE_CODE = YES;
				CLANG_WARN__DUPLICATE_METHOD_MATCH = YES;
				"CODE_SIGN_IDENTITY[sdk=iphoneos*]" = "iPhone Developer";
				COPY_PHASE_STRIP = NO;
				DEBUG_INFORMATION_FORMAT = "dwarf-with-dsym";
				ENABLE_NS_ASSERTIONS = NO;
				ENABLE_STRICT_OBJC_MSGSEND = YES;
				GCC_C_LANGUAGE_STANDARD = gnu99;
				GCC_NO_COMMON_BLOCKS = YES;
				GCC_WARN_64_TO_32_BIT_CONVERSION = YES;
				GCC_WARN_ABOUT_RETURN_TYPE = YES_ERROR;
				GCC_WARN_UNDECLARED_SELECTOR = YES;
				GCC_WARN_UNINITIALIZED_AUTOS = YES_AGGRESSIVE;
				GCC_WARN_UNUSED_FUNCTION = YES;
				GCC_WARN_UNUSED_VARIABLE = YES;
				IPHONEOS_DEPLOYMENT_TARGET = 9.0;
				MTL_ENABLE_DEBUG_INFO = NO;
				SDKROOT = iphoneos;
				VALIDATE_PRODUCT = YES;
			};
			name = Release;
		};
		E6753C7C1B6F9FB50018A3D6 /* Debug */ = {
			isa = XCBuildConfiguration;
			buildSettings = {
				ASSETCATALOG_COMPILER_APPICON_NAME = AppIcon;
				EMBEDDED_CONTENT_CONTAINS_SWIFT = YES;
				INFOPLIST_FILE = "JavaScript Injection/Info.plist";
				LD_RUNPATH_SEARCH_PATHS = "$(inherited) @executable_path/Frameworks";
				PRODUCT_BUNDLE_IDENTIFIER = "com.example.JavaScript-Injection";
				PRODUCT_NAME = "$(TARGET_NAME)";
			};
			name = Debug;
		};
		E6753C7D1B6F9FB50018A3D6 /* Release */ = {
			isa = XCBuildConfiguration;
			buildSettings = {
				ASSETCATALOG_COMPILER_APPICON_NAME = AppIcon;
				EMBEDDED_CONTENT_CONTAINS_SWIFT = YES;
				INFOPLIST_FILE = "JavaScript Injection/Info.plist";
				LD_RUNPATH_SEARCH_PATHS = "$(inherited) @executable_path/Frameworks";
				PRODUCT_BUNDLE_IDENTIFIER = "com.example.JavaScript-Injection";
				PRODUCT_NAME = "$(TARGET_NAME)";
			};
			name = Release;
		};
		E6753C8E1B6FA0550018A3D6 /* Debug */ = {
			isa = XCBuildConfiguration;
			buildSettings = {
				INFOPLIST_FILE = Extension/Info.plist;
				LD_RUNPATH_SEARCH_PATHS = "$(inherited) @executable_path/Frameworks @executable_path/../../Frameworks";
				PRODUCT_BUNDLE_IDENTIFIER = "com.example.JavaScript-Injection.Extension";
				PRODUCT_NAME = "$(TARGET_NAME)";
				SKIP_INSTALL = YES;
			};
			name = Debug;
		};
		E6753C8F1B6FA0550018A3D6 /* Release */ = {
			isa = XCBuildConfiguration;
			buildSettings = {
				INFOPLIST_FILE = Extension/Info.plist;
				LD_RUNPATH_SEARCH_PATHS = "$(inherited) @executable_path/Frameworks @executable_path/../../Frameworks";
				PRODUCT_BUNDLE_IDENTIFIER = "com.example.JavaScript-Injection.Extension";
				PRODUCT_NAME = "$(TARGET_NAME)";
				SKIP_INSTALL = YES;
			};
			name = Release;
		};
		E6EB2E9E1B6FC1BB00762692 /* Debug */ = {
			isa = XCBuildConfiguration;
			buildSettings = {
				INFOPLIST_FILE = ExtensionTwo/Info.plist;
				LD_RUNPATH_SEARCH_PATHS = "$(inherited) @executable_path/Frameworks @executable_path/../../Frameworks";
				PRODUCT_BUNDLE_IDENTIFIER = "com.example.JavaScript-Injection.ExtensionTwo";
				PRODUCT_NAME = "$(TARGET_NAME)";
				SKIP_INSTALL = YES;
			};
			name = Debug;
		};
		E6EB2E9F1B6FC1BB00762692 /* Release */ = {
			isa = XCBuildConfiguration;
			buildSettings = {
				INFOPLIST_FILE = ExtensionTwo/Info.plist;
				LD_RUNPATH_SEARCH_PATHS = "$(inherited) @executable_path/Frameworks @executable_path/../../Frameworks";
				PRODUCT_BUNDLE_IDENTIFIER = "com.example.JavaScript-Injection.ExtensionTwo";
				PRODUCT_NAME = "$(TARGET_NAME)";
				SKIP_INSTALL = YES;
			};
			name = Release;
		};
/* End XCBuildConfiguration section */

/* Begin XCConfigurationList section */
		E6753C641B6F9FB50018A3D6 /* Build configuration list for PBXProject "JavaScript Injection" */ = {
			isa = XCConfigurationList;
			buildConfigurations = (
				E6753C791B6F9FB50018A3D6 /* Debug */,
				E6753C7A1B6F9FB50018A3D6 /* Release */,
			);
			defaultConfigurationIsVisible = 0;
			defaultConfigurationName = Release;
		};
		E6753C7B1B6F9FB50018A3D6 /* Build configuration list for PBXNativeTarget "JavaScript Injection" */ = {
			isa = XCConfigurationList;
			buildConfigurations = (
				E6753C7C1B6F9FB50018A3D6 /* Debug */,
				E6753C7D1B6F9FB50018A3D6 /* Release */,
			);
			defaultConfigurationIsVisible = 0;
			defaultConfigurationName = Release;
		};
		E6753C8D1B6FA0550018A3D6 /* Build configuration list for PBXNativeTarget "Extension" */ = {
			isa = XCConfigurationList;
			buildConfigurations = (
				E6753C8E1B6FA0550018A3D6 /* Debug */,
				E6753C8F1B6FA0550018A3D6 /* Release */,
			);
			defaultConfigurationIsVisible = 0;
			defaultConfigurationName = Release;
		};
		E6EB2E9D1B6FC1BB00762692 /* Build configuration list for PBXNativeTarget "ExtensionTwo" */ = {
			isa = XCConfigurationList;
			buildConfigurations = (
				E6EB2E9E1B6FC1BB00762692 /* Debug */,
				E6EB2E9F1B6FC1BB00762692 /* Release */,
			);
			defaultConfigurationIsVisible = 0;
		};
/* End XCConfigurationList section */
	};
	rootObject = E6753C611B6F9FB50018A3D6 /* Project object */;
}
